
Microsoft Visual Studio Solution File, Format Version 12.00
# Visual Studio Version 17
VisualStudioVersion = 17.9.34714.143
MinimumVisualStudioVersion = 10.0.40219.1
Project("{FAE04EC0-301F-11D3-BF4B-00C04F79EFBC}") = "AngularParking.Server", "AngularParking.Server\AngularParking.Server.csproj", "{8E0E9D82-4095-4EF7-9E25-3333B3C1371E}"
EndProject
Project("{54A90642-561A-4BB1-A94E-469ADEE60C69}") = "angularparking.client", "angularparking.client\angularparking.client.esproj", "{7F5B65EF-6C65-41FB-809C-CDB106D0F409}"
EndProject
Global
	GlobalSection(SolutionConfigurationPlatforms) = preSolution
		Debug|Any CPU = Debug|Any CPU
		Release|Any CPU = Release|Any CPU
	EndGlobalSection
	GlobalSection(ProjectConfigurationPlatforms) = postSolution
		{8E0E9D82-4095-4EF7-9E25-3333B3C1371E}.Debug|Any CPU.ActiveCfg = Debug|Any CPU
		{8E0E9D82-4095-4EF7-9E25-3333B3C1371E}.Debug|Any CPU.Build.0 = Debug|Any CPU
		{8E0E9D82-4095-4EF7-9E25-3333B3C1371E}.Release|Any CPU.ActiveCfg = Release|Any CPU
		{8E0E9D82-4095-4EF7-9E25-3333B3C1371E}.Release|Any CPU.Build.0 = Release|Any CPU
		{7F5B65EF-6C65-41FB-809C-CDB106D0F409}.Debug|Any CPU.ActiveCfg = Debug|Any CPU
		{7F5B65EF-6C65-41FB-809C-CDB106D0F409}.Debug|Any CPU.Build.0 = Debug|Any CPU
		{7F5B65EF-6C65-41FB-809C-CDB106D0F409}.Debug|Any CPU.Deploy.0 = Debug|Any CPU
		{7F5B65EF-6C65-41FB-809C-CDB106D0F409}.Release|Any CPU.ActiveCfg = Release|Any CPU
		{7F5B65EF-6C65-41FB-809C-CDB106D0F409}.Release|Any CPU.Build.0 = Release|Any CPU
		{7F5B65EF-6C65-41FB-809C-CDB106D0F409}.Release|Any CPU.Deploy.0 = Release|Any CPU
	EndGlobalSection
	GlobalSection(SolutionProperties) = preSolution
		HideSolutionNode = FALSE
	EndGlobalSection
	GlobalSection(ExtensibilityGlobals) = postSolution
		SolutionGuid = {E5719387-7C84-452E-875E-4DC9D8ACBC24}
	EndGlobalSection
EndGlobal
